
Microsoft Visual Studio Solution File, Format Version 12.00
# Visual Studio Version 16
VisualStudioVersion = 16.0.30709.132
MinimumVisualStudioVersion = 10.0.40219.1
Project("{9A19103F-16F7-4668-BE54-9A1E7A4F7556}") = "01-TiposDeValor", "01-TiposDeValor.csproj", "{9585662D-4D80-401C-B299-911B49557989}"
EndProject
Project("{2150E333-8FDC-42A3-9474-1A3956D46DE8}") = "01 - Criar Tipos", "01 - Criar Tipos", "{36BB7E42-B0C4-453F-BCE5-0432C447A366}"
EndProject
Project("{FAE04EC0-301F-11D3-BF4B-00C04F79EFBC}") = "02-TiposDeReferencia", "..\02-TiposDeReferencia\02-TiposDeReferencia.csproj", "{E27CD469-D3EC-433C-ADFD-AB4705C2BAEB}"
EndProject
Global
	GlobalSection(SolutionConfigurationPlatforms) = preSolution
		Debug|Any CPU = Debug|Any CPU
		Release|Any CPU = Release|Any CPU
	EndGlobalSection
	GlobalSection(ProjectConfigurationPlatforms) = postSolution
		{9585662D-4D80-401C-B299-911B49557989}.Debug|Any CPU.ActiveCfg = Debug|Any CPU
		{9585662D-4D80-401C-B299-911B49557989}.Debug|Any CPU.Build.0 = Debug|Any CPU
		{9585662D-4D80-401C-B299-911B49557989}.Release|Any CPU.ActiveCfg = Release|Any CPU
		{9585662D-4D80-401C-B299-911B49557989}.Release|Any CPU.Build.0 = Release|Any CPU
		{E27CD469-D3EC-433C-ADFD-AB4705C2BAEB}.Debug|Any CPU.ActiveCfg = Debug|Any CPU
		{E27CD469-D3EC-433C-ADFD-AB4705C2BAEB}.Debug|Any CPU.Build.0 = Debug|Any CPU
		{E27CD469-D3EC-433C-ADFD-AB4705C2BAEB}.Release|Any CPU.ActiveCfg = Release|Any CPU
		{E27CD469-D3EC-433C-ADFD-AB4705C2BAEB}.Release|Any CPU.Build.0 = Release|Any CPU
	EndGlobalSection
	GlobalSection(SolutionProperties) = preSolution
		HideSolutionNode = FALSE
	EndGlobalSection
	GlobalSection(NestedProjects) = preSolution
		{9585662D-4D80-401C-B299-911B49557989} = {36BB7E42-B0C4-453F-BCE5-0432C447A366}
		{E27CD469-D3EC-433C-ADFD-AB4705C2BAEB} = {36BB7E42-B0C4-453F-BCE5-0432C447A366}
	EndGlobalSection
	GlobalSection(ExtensibilityGlobals) = postSolution
		SolutionGuid = {550F9C73-2E0E-4E16-ADE1-767834177818}
	EndGlobalSection
EndGlobal
